{
  "name": "colortest",
  "version": "1.0.0",
  "lockfileVersion": 3,
  "requires": true,
  "packages": {
    "": {
      "name": "colortest",
      "version": "1.0.0",
      "license": "MIT",
      "dependencies": {
        "colors": "file:../colors"
      }
    },
    "node_modules/colors": {
      "version": "1.0.1",
      "resolved": "file:../colors",
      "license": "MIT"
    }
  }
}
